
Microsoft Visual Studio Solution File, Format Version 12.00
# Visual Studio Version 17
VisualStudioVersion = 17.4.33110.190
MinimumVisualStudioVersion = 10.0.40219.1
Project("{9A19103F-16F7-4668-BE54-9A1E7A4F7556}") = "WebApp", "WebApp\WebApp.csproj", "{E848A3D7-20CE-451B-9344-67D0EF41681E}"
EndProject
Project("{2150E333-8FDC-42A3-9474-1A3956D46DE8}") = "modules", "modules", "{ACF1B648-F72E-4744-AB2A-18A9F27E2A42}"
EndProject
Project("{2150E333-8FDC-42A3-9474-1A3956D46DE8}") = "users", "users", "{A7588F40-6C05-4731-824D-DE8164A1CDF9}"
EndProject
Project("{9A19103F-16F7-4668-BE54-9A1E7A4F7556}") = "Modularize", "Modularize\Modularize.csproj", "{761CBA53-0481-495F-A1AA-100C2C365900}"
EndProject
Project("{9A19103F-16F7-4668-BE54-9A1E7A4F7556}") = "Users.Api", "Users.Api\Users.Api.csproj", "{98947192-377F-4B1B-9606-F26E5D073376}"
EndProject
Project("{9A19103F-16F7-4668-BE54-9A1E7A4F7556}") = "Users.Application", "Users.Application\Users.Application.csproj", "{17A722C4-2A21-47CD-B3A1-4A60FB3B6B87}"
EndProject
Project("{9A19103F-16F7-4668-BE54-9A1E7A4F7556}") = "Users.Domain", "Users.Domain\Users.Domain.csproj", "{C20DF2D8-C11A-4F6F-8F5B-5E41E3154FA8}"
EndProject
Project("{9A19103F-16F7-4668-BE54-9A1E7A4F7556}") = "Users.Postgres", "Users.Postgres\Users.Postgres.csproj", "{E5987BD6-3658-46B0-933B-CBA894119A54}"
EndProject
Project("{9A19103F-16F7-4668-BE54-9A1E7A4F7556}") = "Users.Contracts", "Users.Contracts\Users.Contracts.csproj", "{1100BCCB-FDBE-498B-96E0-BF36EC5C8385}"
EndProject
Project("{9A19103F-16F7-4668-BE54-9A1E7A4F7556}") = "Users.Handlers", "Users.Handlers\Users.Handlers.csproj", "{492EBDC1-F5CD-49B9-B5E2-82C894ABA6D1}"
EndProject
Project("{9A19103F-16F7-4668-BE54-9A1E7A4F7556}") = "Users.Messaging", "Users.Messaging\Users.Messaging.csproj", "{EDA055B2-D16C-4F30-A80B-0C0116627DC5}"
EndProject
Project("{9A19103F-16F7-4668-BE54-9A1E7A4F7556}") = "Messages", "Messages\Messages.csproj", "{BE29DB82-8C80-450C-A120-0CE161BA9AD8}"
EndProject
Project("{9A19103F-16F7-4668-BE54-9A1E7A4F7556}") = "Users.HostedServices", "Users.HostedServices\Users.HostedServices.csproj", "{C64ED059-6476-44E3-860D-0A0FF0C5E4D9}"
EndProject
Project("{2150E333-8FDC-42A3-9474-1A3956D46DE8}") = "tests", "tests", "{83BDAA81-5554-43FC-8AAA-6B839CACA812}"
EndProject
Project("{9A19103F-16F7-4668-BE54-9A1E7A4F7556}") = "Tests.Users.Api", "Tests.Users.Api\Tests.Users.Api.csproj", "{7E9A49BA-D20A-4651-9C2F-83888ABE9194}"
EndProject
Project("{9A19103F-16F7-4668-BE54-9A1E7A4F7556}") = "Tests.Users.Handlers", "Tests.Users.Handlers\Tests.Users.Handlers.csproj", "{232EDE6C-84D4-44D1-ABB8-3D563FBEBFA5}"
EndProject
Project("{2150E333-8FDC-42A3-9474-1A3956D46DE8}") = "external", "external", "{1B7F4476-0F09-4824-A882-E629BEF9EC50}"
EndProject
Project("{9A19103F-16F7-4668-BE54-9A1E7A4F7556}") = "External.Contracts", "External.Contracts\External.Contracts.csproj", "{17CA0BD5-51DE-4AB8-B5B2-6786F43E0D44}"
EndProject
Project("{9A19103F-16F7-4668-BE54-9A1E7A4F7556}") = "LinqToDb.Extensions", "LinqToDb.Extensions\LinqToDb.Extensions.csproj", "{CAB52FF8-53DB-48B6-8311-B0D8115B9A7E}"
EndProject
Project("{9A19103F-16F7-4668-BE54-9A1E7A4F7556}") = "Users.Setup", "Users.Setup\Users.Setup.csproj", "{7FD35E16-ABDB-41D0-97D7-27C77AF45351}"
EndProject
Project("{9A19103F-16F7-4668-BE54-9A1E7A4F7556}") = "External.Handlers", "External.Handlers\External.Handlers.csproj", "{3B22A8C0-B907-492F-8A48-732F376A8685}"
EndProject
Project("{9A19103F-16F7-4668-BE54-9A1E7A4F7556}") = "External.Setup", "External.Setup\External.Setup.csproj", "{F108157F-A370-47A4-8CE6-536AE2735D5D}"
EndProject
Project("{9A19103F-16F7-4668-BE54-9A1E7A4F7556}") = "External.Api", "External.Api\External.Api.csproj", "{FFC6C41E-0FDF-4A13-99C1-E8ABDA59544B}"
EndProject
Global
	GlobalSection(SolutionConfigurationPlatforms) = preSolution
		Debug|Any CPU = Debug|Any CPU
		Release|Any CPU = Release|Any CPU
	EndGlobalSection
	GlobalSection(ProjectConfigurationPlatforms) = postSolution
		{E848A3D7-20CE-451B-9344-67D0EF41681E}.Debug|Any CPU.ActiveCfg = Debug|Any CPU
		{E848A3D7-20CE-451B-9344-67D0EF41681E}.Debug|Any CPU.Build.0 = Debug|Any CPU
		{E848A3D7-20CE-451B-9344-67D0EF41681E}.Release|Any CPU.ActiveCfg = Release|Any CPU
		{E848A3D7-20CE-451B-9344-67D0EF41681E}.Release|Any CPU.Build.0 = Release|Any CPU
		{761CBA53-0481-495F-A1AA-100C2C365900}.Debug|Any CPU.ActiveCfg = Debug|Any CPU
		{761CBA53-0481-495F-A1AA-100C2C365900}.Debug|Any CPU.Build.0 = Debug|Any CPU
		{761CBA53-0481-495F-A1AA-100C2C365900}.Release|Any CPU.ActiveCfg = Release|Any CPU
		{761CBA53-0481-495F-A1AA-100C2C365900}.Release|Any CPU.Build.0 = Release|Any CPU
		{98947192-377F-4B1B-9606-F26E5D073376}.Debug|Any CPU.ActiveCfg = Debug|Any CPU
		{98947192-377F-4B1B-9606-F26E5D073376}.Debug|Any CPU.Build.0 = Debug|Any CPU
		{98947192-377F-4B1B-9606-F26E5D073376}.Release|Any CPU.ActiveCfg = Release|Any CPU
		{98947192-377F-4B1B-9606-F26E5D073376}.Release|Any CPU.Build.0 = Release|Any CPU
		{17A722C4-2A21-47CD-B3A1-4A60FB3B6B87}.Debug|Any CPU.ActiveCfg = Debug|Any CPU
		{17A722C4-2A21-47CD-B3A1-4A60FB3B6B87}.Debug|Any CPU.Build.0 = Debug|Any CPU
		{17A722C4-2A21-47CD-B3A1-4A60FB3B6B87}.Release|Any CPU.ActiveCfg = Release|Any CPU
		{17A722C4-2A21-47CD-B3A1-4A60FB3B6B87}.Release|Any CPU.Build.0 = Release|Any CPU
		{C20DF2D8-C11A-4F6F-8F5B-5E41E3154FA8}.Debug|Any CPU.ActiveCfg = Debug|Any CPU
		{C20DF2D8-C11A-4F6F-8F5B-5E41E3154FA8}.Debug|Any CPU.Build.0 = Debug|Any CPU
		{C20DF2D8-C11A-4F6F-8F5B-5E41E3154FA8}.Release|Any CPU.ActiveCfg = Release|Any CPU
		{C20DF2D8-C11A-4F6F-8F5B-5E41E3154FA8}.Release|Any CPU.Build.0 = Release|Any CPU
		{E5987BD6-3658-46B0-933B-CBA894119A54}.Debug|Any CPU.ActiveCfg = Debug|Any CPU
		{E5987BD6-3658-46B0-933B-CBA894119A54}.Debug|Any CPU.Build.0 = Debug|Any CPU
		{E5987BD6-3658-46B0-933B-CBA894119A54}.Release|Any CPU.ActiveCfg = Release|Any CPU
		{E5987BD6-3658-46B0-933B-CBA894119A54}.Release|Any CPU.Build.0 = Release|Any CPU
		{1100BCCB-FDBE-498B-96E0-BF36EC5C8385}.Debug|Any CPU.ActiveCfg = Debug|Any CPU
		{1100BCCB-FDBE-498B-96E0-BF36EC5C8385}.Debug|Any CPU.Build.0 = Debug|Any CPU
		{1100BCCB-FDBE-498B-96E0-BF36EC5C8385}.Release|Any CPU.ActiveCfg = Release|Any CPU
		{1100BCCB-FDBE-498B-96E0-BF36EC5C8385}.Release|Any CPU.Build.0 = Release|Any CPU
		{492EBDC1-F5CD-49B9-B5E2-82C894ABA6D1}.Debug|Any CPU.ActiveCfg = Debug|Any CPU
		{492EBDC1-F5CD-49B9-B5E2-82C894ABA6D1}.Debug|Any CPU.Build.0 = Debug|Any CPU
		{492EBDC1-F5CD-49B9-B5E2-82C894ABA6D1}.Release|Any CPU.ActiveCfg = Release|Any CPU
		{492EBDC1-F5CD-49B9-B5E2-82C894ABA6D1}.Release|Any CPU.Build.0 = Release|Any CPU
		{EDA055B2-D16C-4F30-A80B-0C0116627DC5}.Debug|Any CPU.ActiveCfg = Debug|Any CPU
		{EDA055B2-D16C-4F30-A80B-0C0116627DC5}.Debug|Any CPU.Build.0 = Debug|Any CPU
		{EDA055B2-D16C-4F30-A80B-0C0116627DC5}.Release|Any CPU.ActiveCfg = Release|Any CPU
		{EDA055B2-D16C-4F30-A80B-0C0116627DC5}.Release|Any CPU.Build.0 = Release|Any CPU
		{BE29DB82-8C80-450C-A120-0CE161BA9AD8}.Debug|Any CPU.ActiveCfg = Debug|Any CPU
		{BE29DB82-8C80-450C-A120-0CE161BA9AD8}.Debug|Any CPU.Build.0 = Debug|Any CPU
		{BE29DB82-8C80-450C-A120-0CE161BA9AD8}.Release|Any CPU.ActiveCfg = Release|Any CPU
		{BE29DB82-8C80-450C-A120-0CE161BA9AD8}.Release|Any CPU.Build.0 = Release|Any CPU
		{C64ED059-6476-44E3-860D-0A0FF0C5E4D9}.Debug|Any CPU.ActiveCfg = Debug|Any CPU
		{C64ED059-6476-44E3-860D-0A0FF0C5E4D9}.Debug|Any CPU.Build.0 = Debug|Any CPU
		{C64ED059-6476-44E3-860D-0A0FF0C5E4D9}.Release|Any CPU.ActiveCfg = Release|Any CPU
		{C64ED059-6476-44E3-860D-0A0FF0C5E4D9}.Release|Any CPU.Build.0 = Release|Any CPU
		{7E9A49BA-D20A-4651-9C2F-83888ABE9194}.Debug|Any CPU.ActiveCfg = Debug|Any CPU
		{7E9A49BA-D20A-4651-9C2F-83888ABE9194}.Debug|Any CPU.Build.0 = Debug|Any CPU
		{7E9A49BA-D20A-4651-9C2F-83888ABE9194}.Release|Any CPU.ActiveCfg = Release|Any CPU
		{7E9A49BA-D20A-4651-9C2F-83888ABE9194}.Release|Any CPU.Build.0 = Release|Any CPU
		{232EDE6C-84D4-44D1-ABB8-3D563FBEBFA5}.Debug|Any CPU.ActiveCfg = Debug|Any CPU
		{232EDE6C-84D4-44D1-ABB8-3D563FBEBFA5}.Debug|Any CPU.Build.0 = Debug|Any CPU
		{232EDE6C-84D4-44D1-ABB8-3D563FBEBFA5}.Release|Any CPU.ActiveCfg = Release|Any CPU
		{232EDE6C-84D4-44D1-ABB8-3D563FBEBFA5}.Release|Any CPU.Build.0 = Release|Any CPU
		{17CA0BD5-51DE-4AB8-B5B2-6786F43E0D44}.Debug|Any CPU.ActiveCfg = Debug|Any CPU
		{17CA0BD5-51DE-4AB8-B5B2-6786F43E0D44}.Debug|Any CPU.Build.0 = Debug|Any CPU
		{17CA0BD5-51DE-4AB8-B5B2-6786F43E0D44}.Release|Any CPU.ActiveCfg = Release|Any CPU
		{17CA0BD5-51DE-4AB8-B5B2-6786F43E0D44}.Release|Any CPU.Build.0 = Release|Any CPU
		{CAB52FF8-53DB-48B6-8311-B0D8115B9A7E}.Debug|Any CPU.ActiveCfg = Debug|Any CPU
		{CAB52FF8-53DB-48B6-8311-B0D8115B9A7E}.Debug|Any CPU.Build.0 = Debug|Any CPU
		{CAB52FF8-53DB-48B6-8311-B0D8115B9A7E}.Release|Any CPU.ActiveCfg = Release|Any CPU
		{CAB52FF8-53DB-48B6-8311-B0D8115B9A7E}.Release|Any CPU.Build.0 = Release|Any CPU
		{7FD35E16-ABDB-41D0-97D7-27C77AF45351}.Debug|Any CPU.ActiveCfg = Debug|Any CPU
		{7FD35E16-ABDB-41D0-97D7-27C77AF45351}.Debug|Any CPU.Build.0 = Debug|Any CPU
		{7FD35E16-ABDB-41D0-97D7-27C77AF45351}.Release|Any CPU.ActiveCfg = Release|Any CPU
		{7FD35E16-ABDB-41D0-97D7-27C77AF45351}.Release|Any CPU.Build.0 = Release|Any CPU
		{3B22A8C0-B907-492F-8A48-732F376A8685}.Debug|Any CPU.ActiveCfg = Debug|Any CPU
		{3B22A8C0-B907-492F-8A48-732F376A8685}.Debug|Any CPU.Build.0 = Debug|Any CPU
		{3B22A8C0-B907-492F-8A48-732F376A8685}.Release|Any CPU.ActiveCfg = Release|Any CPU
		{3B22A8C0-B907-492F-8A48-732F376A8685}.Release|Any CPU.Build.0 = Release|Any CPU
		{F108157F-A370-47A4-8CE6-536AE2735D5D}.Debug|Any CPU.ActiveCfg = Debug|Any CPU
		{F108157F-A370-47A4-8CE6-536AE2735D5D}.Debug|Any CPU.Build.0 = Debug|Any CPU
		{F108157F-A370-47A4-8CE6-536AE2735D5D}.Release|Any CPU.ActiveCfg = Release|Any CPU
		{F108157F-A370-47A4-8CE6-536AE2735D5D}.Release|Any CPU.Build.0 = Release|Any CPU
		{FFC6C41E-0FDF-4A13-99C1-E8ABDA59544B}.Debug|Any CPU.ActiveCfg = Debug|Any CPU
		{FFC6C41E-0FDF-4A13-99C1-E8ABDA59544B}.Debug|Any CPU.Build.0 = Debug|Any CPU
		{FFC6C41E-0FDF-4A13-99C1-E8ABDA59544B}.Release|Any CPU.ActiveCfg = Release|Any CPU
		{FFC6C41E-0FDF-4A13-99C1-E8ABDA59544B}.Release|Any CPU.Build.0 = Release|Any CPU
	EndGlobalSection
	GlobalSection(SolutionProperties) = preSolution
		HideSolutionNode = FALSE
	EndGlobalSection
	GlobalSection(NestedProjects) = preSolution
		{A7588F40-6C05-4731-824D-DE8164A1CDF9} = {ACF1B648-F72E-4744-AB2A-18A9F27E2A42}
		{98947192-377F-4B1B-9606-F26E5D073376} = {A7588F40-6C05-4731-824D-DE8164A1CDF9}
		{17A722C4-2A21-47CD-B3A1-4A60FB3B6B87} = {A7588F40-6C05-4731-824D-DE8164A1CDF9}
		{C20DF2D8-C11A-4F6F-8F5B-5E41E3154FA8} = {A7588F40-6C05-4731-824D-DE8164A1CDF9}
		{E5987BD6-3658-46B0-933B-CBA894119A54} = {A7588F40-6C05-4731-824D-DE8164A1CDF9}
		{1100BCCB-FDBE-498B-96E0-BF36EC5C8385} = {A7588F40-6C05-4731-824D-DE8164A1CDF9}
		{492EBDC1-F5CD-49B9-B5E2-82C894ABA6D1} = {A7588F40-6C05-4731-824D-DE8164A1CDF9}
		{EDA055B2-D16C-4F30-A80B-0C0116627DC5} = {A7588F40-6C05-4731-824D-DE8164A1CDF9}
		{C64ED059-6476-44E3-860D-0A0FF0C5E4D9} = {A7588F40-6C05-4731-824D-DE8164A1CDF9}
		{83BDAA81-5554-43FC-8AAA-6B839CACA812} = {A7588F40-6C05-4731-824D-DE8164A1CDF9}
		{7E9A49BA-D20A-4651-9C2F-83888ABE9194} = {83BDAA81-5554-43FC-8AAA-6B839CACA812}
		{232EDE6C-84D4-44D1-ABB8-3D563FBEBFA5} = {83BDAA81-5554-43FC-8AAA-6B839CACA812}
		{1B7F4476-0F09-4824-A882-E629BEF9EC50} = {ACF1B648-F72E-4744-AB2A-18A9F27E2A42}
		{17CA0BD5-51DE-4AB8-B5B2-6786F43E0D44} = {1B7F4476-0F09-4824-A882-E629BEF9EC50}
		{7FD35E16-ABDB-41D0-97D7-27C77AF45351} = {A7588F40-6C05-4731-824D-DE8164A1CDF9}
		{3B22A8C0-B907-492F-8A48-732F376A8685} = {1B7F4476-0F09-4824-A882-E629BEF9EC50}
		{F108157F-A370-47A4-8CE6-536AE2735D5D} = {1B7F4476-0F09-4824-A882-E629BEF9EC50}
		{FFC6C41E-0FDF-4A13-99C1-E8ABDA59544B} = {1B7F4476-0F09-4824-A882-E629BEF9EC50}
	EndGlobalSection
	GlobalSection(ExtensibilityGlobals) = postSolution
		SolutionGuid = {3BEC6354-EE3C-4BBB-90F1-EE74C3D2DD25}
	EndGlobalSection
EndGlobal
